
Microsoft Visual Studio Solution File, Format Version 12.00
# Visual Studio Version 17
VisualStudioVersion = 17.10.34928.147
MinimumVisualStudioVersion = 10.0.40219.1
Project("{9A19103F-16F7-4668-BE54-9A1E7A4F7556}") = "EFTrainingLibrary", "EFTrainingLibrary\EFTrainingLibrary.csproj", "{0B31A2A0-8463-44E1-8794-F932A93E5CFD}"
EndProject
Project("{FAE04EC0-301F-11D3-BF4B-00C04F79EFBC}") = "TrainingWebApi", "TrainingWebApi\TrainingWebApi.csproj", "{F47B2733-7F86-4D2F-A1C6-91A7D69DED9B}"
EndProject
Project("{FAE04EC0-301F-11D3-BF4B-00C04F79EFBC}") = "TrainingMvcApp", "TrainingMvcApp\TrainingMvcApp.csproj", "{9F729774-6840-46F4-9973-8DE67280F938}"
EndProject
Global
	GlobalSection(SolutionConfigurationPlatforms) = preSolution
		Debug|Any CPU = Debug|Any CPU
		Release|Any CPU = Release|Any CPU
	EndGlobalSection
	GlobalSection(ProjectConfigurationPlatforms) = postSolution
		{0B31A2A0-8463-44E1-8794-F932A93E5CFD}.Debug|Any CPU.ActiveCfg = Debug|Any CPU
		{0B31A2A0-8463-44E1-8794-F932A93E5CFD}.Debug|Any CPU.Build.0 = Debug|Any CPU
		{0B31A2A0-8463-44E1-8794-F932A93E5CFD}.Release|Any CPU.ActiveCfg = Release|Any CPU
		{0B31A2A0-8463-44E1-8794-F932A93E5CFD}.Release|Any CPU.Build.0 = Release|Any CPU
		{F47B2733-7F86-4D2F-A1C6-91A7D69DED9B}.Debug|Any CPU.ActiveCfg = Debug|Any CPU
		{F47B2733-7F86-4D2F-A1C6-91A7D69DED9B}.Debug|Any CPU.Build.0 = Debug|Any CPU
		{F47B2733-7F86-4D2F-A1C6-91A7D69DED9B}.Release|Any CPU.ActiveCfg = Release|Any CPU
		{F47B2733-7F86-4D2F-A1C6-91A7D69DED9B}.Release|Any CPU.Build.0 = Release|Any CPU
		{9F729774-6840-46F4-9973-8DE67280F938}.Debug|Any CPU.ActiveCfg = Debug|Any CPU
		{9F729774-6840-46F4-9973-8DE67280F938}.Debug|Any CPU.Build.0 = Debug|Any CPU
		{9F729774-6840-46F4-9973-8DE67280F938}.Release|Any CPU.ActiveCfg = Release|Any CPU
		{9F729774-6840-46F4-9973-8DE67280F938}.Release|Any CPU.Build.0 = Release|Any CPU
	EndGlobalSection
	GlobalSection(SolutionProperties) = preSolution
		HideSolutionNode = FALSE
	EndGlobalSection
	GlobalSection(ExtensibilityGlobals) = postSolution
		SolutionGuid = {4EB915D8-BA65-451F-B7A2-0B7E147DD6BD}
	EndGlobalSection
EndGlobal
